// !$*UTF8*$!
{
	archiveVersion = 1;
	classes = {
	};
	objectVersion = 46;
	objects = {

/* Begin PBXBuildFile section */
		E9A214A21C574C0000FC1656 /* main.m in Sources */ = {isa = PBXBuildFile; fileRef = E9A214A11C574C0000FC1656 /* main.m */; };
		E9A214A51C574C0000FC1656 /* AppDelegate.m in Sources */ = {isa = PBXBuildFile; fileRef = E9A214A41C574C0000FC1656 /* AppDelegate.m */; };
		E9A214A81C574C0000FC1656 /* ViewController.m in Sources */ = {isa = PBXBuildFile; fileRef = E9A214A71C574C0000FC1656 /* ViewController.m */; };
		E9A214AB1C574C0000FC1656 /* Main.storyboard in Resources */ = {isa = PBXBuildFile; fileRef = E9A214A91C574C0000FC1656 /* Main.storyboard */; };
		E9A214AD1C574C0000FC1656 /* Images.xcassets in Resources */ = {isa = PBXBuildFile; fileRef = E9A214AC1C574C0000FC1656 /* Images.xcassets */; };
		E9A214B01C574C0000FC1656 /* LaunchScreen.xib in Resources */ = {isa = PBXBuildFile; fileRef = E9A214AE1C574C0000FC1656 /* LaunchScreen.xib */; };
		E9A214BC1C574C0000FC1656 /* ___Tests.m in Sources */ = {isa = PBXBuildFile; fileRef = E9A214BB1C574C0000FC1656 /* ___Tests.m */; };
/* End PBXBuildFile section */

/* Begin PBXContainerItemProxy section */
		E9A214B61C574C0000FC1656 /* PBXContainerItemProxy */ = {
			isa = PBXContainerItemProxy;
			containerPortal = E9A214941C574C0000FC1656 /* Project object */;
			proxyType = 1;
			remoteGlobalIDString = E9A2149B1C574C0000FC1656;
			remoteInfo = "课后题";
		};
/* End PBXContainerItemProxy section */

/* Begin PBXFileReference section */
		E9A2149C1C574C0000FC1656 /* 课后题.app */ = {isa = PBXFileReference; explicitFileType = wrapper.application; includeInIndex = 0; path = "课后题.app"; sourceTree = BUILT_PRODUCTS_DIR; };
		E9A214A01C574C0000FC1656 /* Info.plist */ = {isa = PBXFileReference; lastKnownFileType = text.plist.xml; path = Info.plist; sourceTree = "<group>"; };
		E9A214A11C574C0000FC1656 /* main.m */ = {isa = PBXFileReference; lastKnownFileType = sourcecode.c.objc; path = main.m; sourceTree = "<group>"; };
		E9A214A31C574C0000FC1656 /* AppDelegate.h */ = {isa = PBXFileReference; lastKnownFileType = sourcecode.c.h; path = AppDelegate.h; sourceTree = "<group>"; };
		E9A214A41C574C0000FC1656 /* AppDelegate.m */ = {isa = PBXFileReference; lastKnownFileType = sourcecode.c.objc; path = AppDelegate.m; sourceTree = "<group>"; };
		E9A214A61C574C0000FC1656 /* ViewController.h */ = {isa = PBXFileReference; lastKnownFileType = sourcecode.c.h; path = ViewController.h; sourceTree = "<group>"; };
		E9A214A71C574C0000FC1656 /* ViewController.m */ = {isa = PBXFileReference; lastKnownFileType = sourcecode.c.objc; path = ViewController.m; sourceTree = "<group>"; };
		E9A214AA1C574C0000FC1656 /* Base */ = {isa = PBXFileReference; lastKnownFileType = file.storyboard; name = Base; path = Base.lproj/Main.storyboard; sourceTree = "<group>"; };
		E9A214AC1C574C0000FC1656 /* Images.xcassets */ = {isa = PBXFileReference; lastKnownFileType = folder.assetcatalog; path = Images.xcassets; sourceTree = "<group>"; };
		E9A214AF1C574C0000FC1656 /* Base */ = {isa = PBXFileReference; lastKnownFileType = file.xib; name = Base; path = Base.lproj/LaunchScreen.xib; sourceTree = "<group>"; };
		E9A214B51C574C0000FC1656 /* 课后题Tests.xctest */ = {isa = PBXFileReference; explicitFileType = wrapper.cfbundle; includeInIndex = 0; path = "课后题Tests.xctest"; sourceTree = BUILT_PRODUCTS_DIR; };
		E9A214BA1C574C0000FC1656 /* Info.plist */ = {isa = PBXFileReference; lastKnownFileType = text.plist.xml; path = Info.plist; sourceTree = "<group>"; };
		E9A214BB1C574C0000FC1656 /* ___Tests.m */ = {isa = PBXFileReference; lastKnownFileType = sourcecode.c.objc; path = "___Tests.m"; sourceTree = "<group>"; };
/* End PBXFileReference section */

/* Begin PBXFrameworksBuildPhase section */
		E9A214991C574C0000FC1656 /* Frameworks */ = {
			isa = PBXFrameworksBuildPhase;
			buildActionMask = 2147483647;
			files = (
			);
			runOnlyForDeploymentPostprocessing = 0;
		};
		E9A214B21C574C0000FC1656 /* Frameworks */ = {
			isa = PBXFrameworksBuildPhase;
			buildActionMask = 2147483647;
			files = (
			);
			runOnlyForDeploymentPostprocessing = 0;
		};
/* End PBXFrameworksBuildPhase section */

/* Begin PBXGroup section */
		E9A214931C574C0000FC1656 = {
			isa = PBXGroup;
			children = (
				E9A2149E1C574C0000FC1656 /* 课后题 */,
				E9A214B81C574C0000FC1656 /* 课后题Tests */,
				E9A2149D1C574C0000FC1656 /* Products */,
			);
			sourceTree = "<group>";
		};
		E9A2149D1C574C0000FC1656 /* Products */ = {
			isa = PBXGroup;
			children = (
				E9A2149C1C574C0000FC1656 /* 课后题.app */,
				E9A214B51C574C0000FC1656 /* 课后题Tests.xctest */,
			);
			name = Products;
			sourceTree = "<group>";
		};
		E9A2149E1C574C0000FC1656 /* 课后题 */ = {
			isa = PBXGroup;
			children = (
				E9A214A31C574C0000FC1656 /* AppDelegate.h */,
				E9A214A41C574C0000FC1656 /* AppDelegate.m */,
				E9A214A61C574C0000FC1656 /* ViewController.h */,
				E9A214A71C574C0000FC1656 /* ViewController.m */,
				E9A214A91C574C0000FC1656 /* Main.storyboard */,
				E9A214AC1C574C0000FC1656 /* Images.xcassets */,
				E9A214AE1C574C0000FC1656 /* LaunchScreen.xib */,
				E9A2149F1C574C0000FC1656 /* Supporting Files */,
			);
			path = "课后题";
			sourceTree = "<group>";
		};
		E9A2149F1C574C0000FC1656 /* Supporting Files */ = {
			isa = PBXGroup;
			children = (
				E9A214A01C574C0000FC1656 /* Info.plist */,
				E9A214A11C574C0000FC1656 /* main.m */,
			);
			name = "Supporting Files";
			sourceTree = "<group>";
		};
		E9A214B81C574C0000FC1656 /* 课后题Tests */ = {
			isa = PBXGroup;
			children = (
				E9A214BB1C574C0000FC1656 /* ___Tests.m */,
				E9A214B91C574C0000FC1656 /* Supporting Files */,
			);
			path = "课后题Tests";
			sourceTree = "<group>";
		};
		E9A214B91C574C0000FC1656 /* Supporting Files */ = {
			isa = PBXGroup;
			children = (
				E9A214BA1C574C0000FC1656 /* Info.plist */,
			);
			name = "Supporting Files";
			sourceTree = "<group>";
		};
/* End PBXGroup section */

/* Begin PBXNativeTarget section */
		E9A2149B1C574C0000FC1656 /* 课后题 */ = {
			isa = PBXNativeTarget;
			buildConfigurationList = E9A214BF1C574C0000FC1656 /* Build configuration list for PBXNativeTarget "课后题" */;
			buildPhases = (
				E9A214981C574C0000FC1656 /* Sources */,
				E9A214991C574C0000FC1656 /* Frameworks */,
				E9A2149A1C574C0000FC1656 /* Resources */,
			);
			buildRules = (
			);
			dependencies = (
			);
			name = "课后题";
			productName = "课后题";
			productReference = E9A2149C1C574C0000FC1656 /* 课后题.app */;
			productType = "com.apple.product-type.application";
		};
		E9A214B41C574C0000FC1656 /* 课后题Tests */ = {
			isa = PBXNativeTarget;
			buildConfigurationList = E9A214C21C574C0000FC1656 /* Build configuration list for PBXNativeTarget "课后题Tests" */;
			buildPhases = (
				E9A214B11C574C0000FC1656 /* Sources */,
				E9A214B21C574C0000FC1656 /* Frameworks */,
				E9A214B31C574C0000FC1656 /* Resources */,
			);
			buildRules = (
			);
			dependencies = (
				E9A214B71C574C0000FC1656 /* PBXTargetDependency */,
			);
			name = "课后题Tests";
			productName = "课后题Tests";
			productReference = E9A214B51C574C0000FC1656 /* 课后题Tests.xctest */;
			productType = "com.apple.product-type.bundle.unit-test";
		};
/* End PBXNativeTarget section */

/* Begin PBXProject section */
		E9A214941C574C0000FC1656 /* Project object */ = {
			isa = PBXProject;
			attributes = {
				LastUpgradeCheck = 0640;
				ORGANIZATIONNAME = "贝沃汇力";
				TargetAttributes = {
					E9A2149B1C574C0000FC1656 = {
						CreatedOnToolsVersion = 6.4;
					};
					E9A214B41C574C0000FC1656 = {
						CreatedOnToolsVersion = 6.4;
						TestTargetID = E9A2149B1C574C0000FC1656;
					};
				};
			};
			buildConfigurationList = E9A214971C574C0000FC1656 /* Build configuration list for PBXProject "课后题" */;
			compatibilityVersion = "Xcode 3.2";
			developmentRegion = English;
			hasScannedForEncodings = 0;
			knownRegions = (
				en,
				Base,
			);
			mainGroup = E9A214931C574C0000FC1656;
			productRefGroup = E9A2149D1C574C0000FC1656 /* Products */;
			projectDirPath = "";
			projectRoot = "";
			targets = (
				E9A2149B1C574C0000FC1656 /* 课后题 */,
				E9A214B41C574C0000FC1656 /* 课后题Tests */,
			);
		};
/* End PBXProject section */

/* Begin PBXResourcesBuildPhase section */
		E9A2149A1C574C0000FC1656 /* Resources */ = {
			isa = PBXResourcesBuildPhase;
			buildActionMask = 2147483647;
			files = (
				E9A214AB1C574C0000FC1656 /* Main.storyboard in Resources */,
				E9A214B01C574C0000FC1656 /* LaunchScreen.xib in Resources */,
				E9A214AD1C574C0000FC1656 /* Images.xcassets in Resources */,
			);
			runOnlyForDeploymentPostprocessing = 0;
		};
		E9A214B31C574C0000FC1656 /* Resources */ = {
			isa = PBXResourcesBuildPhase;
			buildActionMask = 2147483647;
			files = (
			);
			runOnlyForDeploymentPostprocessing = 0;
		};
/* End PBXResourcesBuildPhase section */

/* Begin PBXSourcesBuildPhase section */
		E9A214981C574C0000FC1656 /* Sources */ = {
			isa = PBXSourcesBuildPhase;
			buildActionMask = 2147483647;
			files = (
				E9A214A81C574C0000FC1656 /* ViewController.m in Sources */,
				E9A214A51C574C0000FC1656 /* AppDelegate.m in Sources */,
				E9A214A21C574C0000FC1656 /* main.m in Sources */,
			);
			runOnlyForDeploymentPostprocessing = 0;
		};
		E9A214B11C574C0000FC1656 /* Sources */ = {
			isa = PBXSourcesBuildPhase;
			buildActionMask = 2147483647;
			files = (
				E9A214BC1C574C0000FC1656 /* ___Tests.m in Sources */,
			);
			runOnlyForDeploymentPostprocessing = 0;
		};
/* End PBXSourcesBuildPhase section */

/* Begin PBXTargetDependency section */
		E9A214B71C574C0000FC1656 /* PBXTargetDependency */ = {
			isa = PBXTargetDependency;
			target = E9A2149B1C574C0000FC1656 /* 课后题 */;
			targetProxy = E9A214B61C574C0000FC1656 /* PBXContainerItemProxy */;
		};
/* End PBXTargetDependency section */

/* Begin PBXVariantGroup section */
		E9A214A91C574C0000FC1656 /* Main.storyboard */ = {
			isa = PBXVariantGroup;
			children = (
				E9A214AA1C574C0000FC1656 /* Base */,
			);
			name = Main.storyboard;
			sourceTree = "<group>";
		};
		E9A214AE1C574C0000FC1656 /* LaunchScreen.xib */ = {
			isa = PBXVariantGroup;
			children = (
				E9A214AF1C574C0000FC1656 /* Base */,
			);
			name = LaunchScreen.xib;
			sourceTree = "<group>";
		};
/* End PBXVariantGroup section */

/* Begin XCBuildConfiguration section */
		E9A214BD1C574C0000FC1656 /* Debug */ = {
			isa = XCBuildConfiguration;
			buildSettings = {
				ALWAYS_SEARCH_USER_PATHS = NO;
				CLANG_CXX_LANGUAGE_STANDARD = "gnu++0x";
				CLANG_CXX_LIBRARY = "libc++";
				CLANG_ENABLE_MODULES = YES;
				CLANG_ENABLE_OBJC_ARC = YES;
				CLANG_WARN_BOOL_CONVERSION = YES;
				CLANG_WARN_CONSTANT_CONVERSION = YES;
				CLANG_WARN_DIRECT_OBJC_ISA_USAGE = YES_ERROR;
				CLANG_WARN_EMPTY_BODY = YES;
				CLANG_WARN_ENUM_CONVERSION = YES;
				CLANG_WARN_INT_CONVERSION = YES;
				CLANG_WARN_OBJC_ROOT_CLASS = YES_ERROR;
				CLANG_WARN_UNREACHABLE_CODE = YES;
				CLANG_WARN__DUPLICATE_METHOD_MATCH = YES;
				"CODE_SIGN_IDENTITY[sdk=iphoneos*]" = "iPhone Developer";
				COPY_PHASE_STRIP = NO;
				DEBUG_INFORMATION_FORMAT = "dwarf-with-dsym";
				ENABLE_STRICT_OBJC_MSGSEND = YES;
				GCC_C_LANGUAGE_STANDARD = gnu99;
				GCC_DYNAMIC_NO_PIC = NO;
				GCC_NO_COMMON_BLOCKS = YES;
				GCC_OPTIMIZATION_LEVEL = 0;
				GCC_PREPROCESSOR_DEFINITIONS = (
					"DEBUG=1",
					"$(inherited)",
				);
				GCC_SYMBOLS_PRIVATE_EXTERN = NO;
				GCC_WARN_64_TO_32_BIT_CONVERSION = YES;
				GCC_WARN_ABOUT_RETURN_TYPE = YES_ERROR;
				GCC_WARN_UNDECLARED_SELECTOR = YES;
				GCC_WARN_UNINITIALIZED_AUTOS = YES_AGGRESSIVE;
				GCC_WARN_UNUSED_FUNCTION = YES;
				GCC_WARN_UNUSED_VARIABLE = YES;
				IPHONEOS_DEPLOYMENT_TARGET = 8.4;
				MTL_ENABLE_DEBUG_INFO = YES;
				ONLY_ACTIVE_ARCH = YES;
				SDKROOT = iphoneos;
			};
			name = Debug;
		};
		E9A214BE1C574C0000FC1656 /* Release */ = {
			isa = XCBuildConfiguration;
			buildSettings = {
				ALWAYS_SEARCH_USER_PATHS = NO;
				CLANG_CXX_LANGUAGE_STANDARD = "gnu++0x";
				CLANG_CXX_LIBRARY = "libc++";
				CLANG_ENABLE_MODULES = YES;
				CLANG_ENABLE_OBJC_ARC = YES;
				CLANG_WARN_BOOL_CONVERSION = YES;
				CLANG_WARN_CONSTANT_CONVERSION = YES;
				CLANG_WARN_DIRECT_OBJC_ISA_USAGE = YES_ERROR;
				CLANG_WARN_EMPTY_BODY = YES;
				CLANG_WARN_ENUM_CONVERSION = YES;
				CLANG_WARN_INT_CONVERSION = YES;
				CLANG_WARN_OBJC_ROOT_CLASS = YES_ERROR;
				CLANG_WARN_UNREACHABLE_CODE = YES;
				CLANG_WARN__DUPLICATE_METHOD_MATCH = YES;
				"CODE_SIGN_IDENTITY[sdk=iphoneos*]" = "iPhone Developer";
				COPY_PHASE_STRIP = NO;
				DEBUG_INFORMATION_FORMAT = "dwarf-with-dsym";
				ENABLE_NS_ASSERTIONS = NO;
				ENABLE_STRICT_OBJC_MSGSEND = YES;
				GCC_C_LANGUAGE_STANDARD = gnu99;
				GCC_NO_COMMON_BLOCKS = YES;
				GCC_WARN_64_TO_32_BIT_CONVERSION = YES;
				GCC_WARN_ABOUT_RETURN_TYPE = YES_ERROR;
				GCC_WARN_UNDECLARED_SELECTOR = YES;
				GCC_WARN_UNINITIALIZED_AUTOS = YES_AGGRESSIVE;
				GCC_WARN_UNUSED_FUNCTION = YES;
				GCC_WARN_UNUSED_VARIABLE = YES;
				IPHONEOS_DEPLOYMENT_TARGET = 8.4;
				MTL_ENABLE_DEBUG_INFO = NO;
				SDKROOT = iphoneos;
				VALIDATE_PRODUCT = YES;
			};
			name = Release;
		};
		E9A214C01C574C0000FC1656 /* Debug */ = {
			isa = XCBuildConfiguration;
			buildSettings = {
				ASSETCATALOG_COMPILER_APPICON_NAME = AppIcon;
				INFOPLIST_FILE = "课后题/Info.plist";
				LD_RUNPATH_SEARCH_PATHS = "$(inherited) @executable_path/Frameworks";
				PRODUCT_NAME = "$(TARGET_NAME)";
			};
			name = Debug;
		};
		E9A214C11C574C0000FC1656 /* Release */ = {
			isa = XCBuildConfiguration;
			buildSettings = {
				ASSETCATALOG_COMPILER_APPICON_NAME = AppIcon;
				INFOPLIST_FILE = "课后题/Info.plist";
				LD_RUNPATH_SEARCH_PATHS = "$(inherited) @executable_path/Frameworks";
				PRODUCT_NAME = "$(TARGET_NAME)";
			};
			name = Release;
		};
		E9A214C31C574C0000FC1656 /* Debug */ = {
			isa = XCBuildConfiguration;
			buildSettings = {
				BUNDLE_LOADER = "$(TEST_HOST)";
				FRAMEWORK_SEARCH_PATHS = (
					"$(SDKROOT)/Developer/Library/Frameworks",
					"$(inherited)",
				);
				GCC_PREPROCESSOR_DEFINITIONS = (
					"DEBUG=1",
					"$(inherited)",
				);
				INFOPLIST_FILE = "课后题Tests/Info.plist";
				LD_RUNPATH_SEARCH_PATHS = "$(inherited) @executable_path/Frameworks @loader_path/Frameworks";
				PRODUCT_NAME = "$(TARGET_NAME)";
				TEST_HOST = "$(BUILT_PRODUCTS_DIR)/课后题.app/课后题";
			};
			name = Debug;
		};
		E9A214C41C574C0000FC1656 /* Release */ = {
			isa = XCBuildConfiguration;
			buildSettings = {
				BUNDLE_LOADER = "$(TEST_HOST)";
				FRAMEWORK_SEARCH_PATHS = (
					"$(SDKROOT)/Developer/Library/Frameworks",
					"$(inherited)",
				);
				INFOPLIST_FILE = "课后题Tests/Info.plist";
				LD_RUNPATH_SEARCH_PATHS = "$(inherited) @executable_path/Frameworks @loader_path/Frameworks";
				PRODUCT_NAME = "$(TARGET_NAME)";
				TEST_HOST = "$(BUILT_PRODUCTS_DIR)/课后题.app/课后题";
			};
			name = Release;
		};
/* End XCBuildConfiguration section */

/* Begin XCConfigurationList section */
		E9A214971C574C0000FC1656 /* Build configuration list for PBXProject "课后题" */ = {
			isa = XCConfigurationList;
			buildConfigurations = (
				E9A214BD1C574C0000FC1656 /* Debug */,
				E9A214BE1C574C0000FC1656 /* Release */,
			);
			defaultConfigurationIsVisible = 0;
			defaultConfigurationName = Release;
		};
		E9A214BF1C574C0000FC1656 /* Build configuration list for PBXNativeTarget "课后题" */ = {
			isa = XCConfigurationList;
			buildConfigurations = (
				E9A214C01C574C0000FC1656 /* Debug */,
				E9A214C11C574C0000FC1656 /* Release */,
			);
			defaultConfigurationIsVisible = 0;
		};
		E9A214C21C574C0000FC1656 /* Build configuration list for PBXNativeTarget "课后题Tests" */ = {
			isa = XCConfigurationList;
			buildConfigurations = (
				E9A214C31C574C0000FC1656 /* Debug */,
				E9A214C41C574C0000FC1656 /* Release */,
			);
			defaultConfigurationIsVisible = 0;
		};
/* End XCConfigurationList section */
	};
	rootObject = E9A214941C574C0000FC1656 /* Project object */;
}
